
Microsoft Visual Studio Solution File, Format Version 12.00
# Visual Studio Version 17
VisualStudioVersion = 17.4.33213.308
MinimumVisualStudioVersion = 10.0.40219.1
Project("{FAE04EC0-301F-11D3-BF4B-00C04F79EFBC}") = "ExceptionHandling", "ExceptionHandling.csproj", "{19DE12D2-1A4F-433A-8BD8-C677702F6491}"
EndProject
Global
	GlobalSection(SolutionConfigurationPlatforms) = preSolution
		Debug|Any CPU = Debug|Any CPU
		Release|Any CPU = Release|Any CPU
	EndGlobalSection
	GlobalSection(ProjectConfigurationPlatforms) = postSolution
		{19DE12D2-1A4F-433A-8BD8-C677702F6491}.Debug|Any CPU.ActiveCfg = Debug|Any CPU
		{19DE12D2-1A4F-433A-8BD8-C677702F6491}.Debug|Any CPU.Build.0 = Debug|Any CPU
		{19DE12D2-1A4F-433A-8BD8-C677702F6491}.Release|Any CPU.ActiveCfg = Release|Any CPU
		{19DE12D2-1A4F-433A-8BD8-C677702F6491}.Release|Any CPU.Build.0 = Release|Any CPU
	EndGlobalSection
	GlobalSection(SolutionProperties) = preSolution
		HideSolutionNode = FALSE
	EndGlobalSection
	GlobalSection(ExtensibilityGlobals) = postSolution
		SolutionGuid = {BE687DBE-01BC-4F6D-8F84-85E542C8E519}
	EndGlobalSection
EndGlobal
